
Microsoft Visual Studio Solution File, Format Version 12.00
# Visual Studio Version 16
VisualStudioVersion = 16.0.34031.81
MinimumVisualStudioVersion = 10.0.40219.1
Project("{FAE04EC0-301F-11D3-BF4B-00C04F79EFBC}") = "PotLab", "PotLab\PotLab.csproj", "{7BDF397A-9704-4E75-800C-D1A0423900F7}"
EndProject
Global
	GlobalSection(SolutionConfigurationPlatforms) = preSolution
		Debug|Any CPU = Debug|Any CPU
		Release|Any CPU = Release|Any CPU
	EndGlobalSection
	GlobalSection(ProjectConfigurationPlatforms) = postSolution
		{7BDF397A-9704-4E75-800C-D1A0423900F7}.Debug|Any CPU.ActiveCfg = Debug|Any CPU
		{7BDF397A-9704-4E75-800C-D1A0423900F7}.Debug|Any CPU.Build.0 = Debug|Any CPU
		{7BDF397A-9704-4E75-800C-D1A0423900F7}.Release|Any CPU.ActiveCfg = Release|Any CPU
		{7BDF397A-9704-4E75-800C-D1A0423900F7}.Release|Any CPU.Build.0 = Release|Any CPU
	EndGlobalSection
	GlobalSection(SolutionProperties) = preSolution
		HideSolutionNode = FALSE
	EndGlobalSection
	GlobalSection(ExtensibilityGlobals) = postSolution
		SolutionGuid = {9273F407-15E5-4F2B-8C9B-CBFEBBA72650}
	EndGlobalSection
EndGlobal
