
Microsoft Visual Studio Solution File, Format Version 12.00
# Visual Studio Version 17
VisualStudioVersion = 17.7.34031.279
MinimumVisualStudioVersion = 10.0.40219.1
Project("{FAE04EC0-301F-11D3-BF4B-00C04F79EFBC}") = "UART2", "UART2\UART2.csproj", "{201D8622-61D4-4468-A31D-196BB6170686}"
EndProject
Global
	GlobalSection(SolutionConfigurationPlatforms) = preSolution
		Debug|Any CPU = Debug|Any CPU
		Release|Any CPU = Release|Any CPU
	EndGlobalSection
	GlobalSection(ProjectConfigurationPlatforms) = postSolution
		{201D8622-61D4-4468-A31D-196BB6170686}.Debug|Any CPU.ActiveCfg = Debug|Any CPU
		{201D8622-61D4-4468-A31D-196BB6170686}.Debug|Any CPU.Build.0 = Debug|Any CPU
		{201D8622-61D4-4468-A31D-196BB6170686}.Release|Any CPU.ActiveCfg = Release|Any CPU
		{201D8622-61D4-4468-A31D-196BB6170686}.Release|Any CPU.Build.0 = Release|Any CPU
	EndGlobalSection
	GlobalSection(SolutionProperties) = preSolution
		HideSolutionNode = FALSE
	EndGlobalSection
	GlobalSection(ExtensibilityGlobals) = postSolution
		SolutionGuid = {3EBCABF0-2F7C-48BB-B92F-5F7D23AD5E8F}
	EndGlobalSection
EndGlobal
