
Microsoft Visual Studio Solution File, Format Version 12.00
# Visual Studio Version 17
VisualStudioVersion = 17.7.34031.279
MinimumVisualStudioVersion = 10.0.40219.1
Project("{FAE04EC0-301F-11D3-BF4B-00C04F79EFBC}") = "TrendyolSon", "TrendyolSon\TrendyolSon.csproj", "{CA3E6DB6-2653-4D5C-B6B6-AD355BAF03CC}"
EndProject
Global
	GlobalSection(SolutionConfigurationPlatforms) = preSolution
		Debug|Any CPU = Debug|Any CPU
		Release|Any CPU = Release|Any CPU
	EndGlobalSection
	GlobalSection(ProjectConfigurationPlatforms) = postSolution
		{CA3E6DB6-2653-4D5C-B6B6-AD355BAF03CC}.Debug|Any CPU.ActiveCfg = Debug|Any CPU
		{CA3E6DB6-2653-4D5C-B6B6-AD355BAF03CC}.Debug|Any CPU.Build.0 = Debug|Any CPU
		{CA3E6DB6-2653-4D5C-B6B6-AD355BAF03CC}.Release|Any CPU.ActiveCfg = Release|Any CPU
		{CA3E6DB6-2653-4D5C-B6B6-AD355BAF03CC}.Release|Any CPU.Build.0 = Release|Any CPU
	EndGlobalSection
	GlobalSection(SolutionProperties) = preSolution
		HideSolutionNode = FALSE
	EndGlobalSection
	GlobalSection(ExtensibilityGlobals) = postSolution
		SolutionGuid = {B8493C44-EA7E-40E4-B4C8-C54AE9130938}
	EndGlobalSection
EndGlobal
