
Microsoft Visual Studio Solution File, Format Version 12.00
# Visual Studio Version 17
VisualStudioVersion = 17.7.34024.191
MinimumVisualStudioVersion = 10.0.40219.1
Project("{FAE04EC0-301F-11D3-BF4B-00C04F79EFBC}") = "MultipleClientExample2", "MultipleClientExample2\MultipleClientExample2.csproj", "{3160B090-C5E0-474F-A3F9-AA8A8625FC11}"
EndProject
Global
	GlobalSection(SolutionConfigurationPlatforms) = preSolution
		Debug|Any CPU = Debug|Any CPU
		Release|Any CPU = Release|Any CPU
	EndGlobalSection
	GlobalSection(ProjectConfigurationPlatforms) = postSolution
		{3160B090-C5E0-474F-A3F9-AA8A8625FC11}.Debug|Any CPU.ActiveCfg = Debug|Any CPU
		{3160B090-C5E0-474F-A3F9-AA8A8625FC11}.Debug|Any CPU.Build.0 = Debug|Any CPU
		{3160B090-C5E0-474F-A3F9-AA8A8625FC11}.Release|Any CPU.ActiveCfg = Release|Any CPU
		{3160B090-C5E0-474F-A3F9-AA8A8625FC11}.Release|Any CPU.Build.0 = Release|Any CPU
	EndGlobalSection
	GlobalSection(SolutionProperties) = preSolution
		HideSolutionNode = FALSE
	EndGlobalSection
	GlobalSection(ExtensibilityGlobals) = postSolution
		SolutionGuid = {90175BC0-1DDA-43E9-AEBC-B41023BD096E}
	EndGlobalSection
EndGlobal
